
Microsoft Visual Studio Solution File, Format Version 12.00
# Visual Studio Version 17
VisualStudioVersion = 17.5.33530.505
MinimumVisualStudioVersion = 10.0.40219.1
Project("{FAE04EC0-301F-11D3-BF4B-00C04F79EFBC}") = "GitHubTestApp", "GitHubTestApp.csproj", "{115CF6CF-FD84-47E7-8563-317E2DFA0EB5}"
EndProject
Global
	GlobalSection(SolutionConfigurationPlatforms) = preSolution
		Debug|Any CPU = Debug|Any CPU
		Release|Any CPU = Release|Any CPU
	EndGlobalSection
	GlobalSection(ProjectConfigurationPlatforms) = postSolution
		{115CF6CF-FD84-47E7-8563-317E2DFA0EB5}.Debug|Any CPU.ActiveCfg = Debug|Any CPU
		{115CF6CF-FD84-47E7-8563-317E2DFA0EB5}.Debug|Any CPU.Build.0 = Debug|Any CPU
		{115CF6CF-FD84-47E7-8563-317E2DFA0EB5}.Release|Any CPU.ActiveCfg = Release|Any CPU
		{115CF6CF-FD84-47E7-8563-317E2DFA0EB5}.Release|Any CPU.Build.0 = Release|Any CPU
	EndGlobalSection
	GlobalSection(SolutionProperties) = preSolution
		HideSolutionNode = FALSE
	EndGlobalSection
	GlobalSection(ExtensibilityGlobals) = postSolution
		SolutionGuid = {35BF82B8-05DE-49FD-9BC1-A59E31C93722}
	EndGlobalSection
EndGlobal
